// !$*UTF8*$!
{
	archiveVersion = 1;
	classes = {
	};
	objectVersion = 50;
	objects = {

/* Begin PBXBuildFile section */
		32386D03218CDCA9006E4985 /* AppDelegate.swift in Sources */ = {isa = PBXBuildFile; fileRef = 32386D02218CDCA9006E4985 /* AppDelegate.swift */; };
		32386D06218CDCA9006E4985 /* RMFlickr.xcdatamodeld in Sources */ = {isa = PBXBuildFile; fileRef = 32386D04218CDCA9006E4985 /* RMFlickr.xcdatamodeld */; };
		32386D08218CDCA9006E4985 /* MasterViewController.swift in Sources */ = {isa = PBXBuildFile; fileRef = 32386D07218CDCA9006E4985 /* MasterViewController.swift */; };
		32386D0A218CDCA9006E4985 /* DetailViewController.swift in Sources */ = {isa = PBXBuildFile; fileRef = 32386D09218CDCA9006E4985 /* DetailViewController.swift */; };
		32386D0D218CDCA9006E4985 /* Main.storyboard in Resources */ = {isa = PBXBuildFile; fileRef = 32386D0B218CDCA9006E4985 /* Main.storyboard */; };
		32386D0F218CDCA9006E4985 /* Assets.xcassets in Resources */ = {isa = PBXBuildFile; fileRef = 32386D0E218CDCA9006E4985 /* Assets.xcassets */; };
		32386D12218CDCA9006E4985 /* LaunchScreen.storyboard in Resources */ = {isa = PBXBuildFile; fileRef = 32386D10218CDCA9006E4985 /* LaunchScreen.storyboard */; };
		32386D1D218CDCA9006E4985 /* RMFlickrTests.swift in Sources */ = {isa = PBXBuildFile; fileRef = 32386D1C218CDCA9006E4985 /* RMFlickrTests.swift */; };
		32386D28218CDCA9006E4985 /* RMFlickrUITests.swift in Sources */ = {isa = PBXBuildFile; fileRef = 32386D27218CDCA9006E4985 /* RMFlickrUITests.swift */; };
/* End PBXBuildFile section */

/* Begin PBXContainerItemProxy section */
		32386D19218CDCA9006E4985 /* PBXContainerItemProxy */ = {
			isa = PBXContainerItemProxy;
			containerPortal = 32386CF7218CDCA9006E4985 /* Project object */;
			proxyType = 1;
			remoteGlobalIDString = 32386CFE218CDCA9006E4985;
			remoteInfo = RMFlickr;
		};
		32386D24218CDCA9006E4985 /* PBXContainerItemProxy */ = {
			isa = PBXContainerItemProxy;
			containerPortal = 32386CF7218CDCA9006E4985 /* Project object */;
			proxyType = 1;
			remoteGlobalIDString = 32386CFE218CDCA9006E4985;
			remoteInfo = RMFlickr;
		};
/* End PBXContainerItemProxy section */

/* Begin PBXFileReference section */
		32386CFF218CDCA9006E4985 /* RMFlickr.app */ = {isa = PBXFileReference; explicitFileType = wrapper.application; includeInIndex = 0; path = RMFlickr.app; sourceTree = BUILT_PRODUCTS_DIR; };
		32386D02218CDCA9006E4985 /* AppDelegate.swift */ = {isa = PBXFileReference; lastKnownFileType = sourcecode.swift; path = AppDelegate.swift; sourceTree = "<group>"; };
		32386D05218CDCA9006E4985 /* RMFlickr.xcdatamodel */ = {isa = PBXFileReference; lastKnownFileType = wrapper.xcdatamodel; path = RMFlickr.xcdatamodel; sourceTree = "<group>"; };
		32386D07218CDCA9006E4985 /* MasterViewController.swift */ = {isa = PBXFileReference; lastKnownFileType = sourcecode.swift; path = MasterViewController.swift; sourceTree = "<group>"; };
		32386D09218CDCA9006E4985 /* DetailViewController.swift */ = {isa = PBXFileReference; lastKnownFileType = sourcecode.swift; path = DetailViewController.swift; sourceTree = "<group>"; };
		32386D0C218CDCA9006E4985 /* Base */ = {isa = PBXFileReference; lastKnownFileType = file.storyboard; name = Base; path = Base.lproj/Main.storyboard; sourceTree = "<group>"; };
		32386D0E218CDCA9006E4985 /* Assets.xcassets */ = {isa = PBXFileReference; lastKnownFileType = folder.assetcatalog; path = Assets.xcassets; sourceTree = "<group>"; };
		32386D11218CDCA9006E4985 /* Base */ = {isa = PBXFileReference; lastKnownFileType = file.storyboard; name = Base; path = Base.lproj/LaunchScreen.storyboard; sourceTree = "<group>"; };
		32386D13218CDCA9006E4985 /* Info.plist */ = {isa = PBXFileReference; lastKnownFileType = text.plist.xml; path = Info.plist; sourceTree = "<group>"; };
		32386D18218CDCA9006E4985 /* RMFlickrTests.xctest */ = {isa = PBXFileReference; explicitFileType = wrapper.cfbundle; includeInIndex = 0; path = RMFlickrTests.xctest; sourceTree = BUILT_PRODUCTS_DIR; };
		32386D1C218CDCA9006E4985 /* RMFlickrTests.swift */ = {isa = PBXFileReference; lastKnownFileType = sourcecode.swift; path = RMFlickrTests.swift; sourceTree = "<group>"; };
		32386D1E218CDCA9006E4985 /* Info.plist */ = {isa = PBXFileReference; lastKnownFileType = text.plist.xml; path = Info.plist; sourceTree = "<group>"; };
		32386D23218CDCA9006E4985 /* RMFlickrUITests.xctest */ = {isa = PBXFileReference; explicitFileType = wrapper.cfbundle; includeInIndex = 0; path = RMFlickrUITests.xctest; sourceTree = BUILT_PRODUCTS_DIR; };
		32386D27218CDCA9006E4985 /* RMFlickrUITests.swift */ = {isa = PBXFileReference; lastKnownFileType = sourcecode.swift; path = RMFlickrUITests.swift; sourceTree = "<group>"; };
		32386D29218CDCA9006E4985 /* Info.plist */ = {isa = PBXFileReference; lastKnownFileType = text.plist.xml; path = Info.plist; sourceTree = "<group>"; };
/* End PBXFileReference section */

/* Begin PBXFrameworksBuildPhase section */
		32386CFC218CDCA9006E4985 /* Frameworks */ = {
			isa = PBXFrameworksBuildPhase;
			buildActionMask = 2147483647;
			files = (
			);
			runOnlyForDeploymentPostprocessing = 0;
		};
		32386D15218CDCA9006E4985 /* Frameworks */ = {
			isa = PBXFrameworksBuildPhase;
			buildActionMask = 2147483647;
			files = (
			);
			runOnlyForDeploymentPostprocessing = 0;
		};
		32386D20218CDCA9006E4985 /* Frameworks */ = {
			isa = PBXFrameworksBuildPhase;
			buildActionMask = 2147483647;
			files = (
			);
			runOnlyForDeploymentPostprocessing = 0;
		};
/* End PBXFrameworksBuildPhase section */

/* Begin PBXGroup section */
		32386CF6218CDCA9006E4985 = {
			isa = PBXGroup;
			children = (
				32386D01218CDCA9006E4985 /* RMFlickr */,
				32386D1B218CDCA9006E4985 /* RMFlickrTests */,
				32386D26218CDCA9006E4985 /* RMFlickrUITests */,
				32386D00218CDCA9006E4985 /* Products */,
			);
			sourceTree = "<group>";
		};
		32386D00218CDCA9006E4985 /* Products */ = {
			isa = PBXGroup;
			children = (
				32386CFF218CDCA9006E4985 /* RMFlickr.app */,
				32386D18218CDCA9006E4985 /* RMFlickrTests.xctest */,
				32386D23218CDCA9006E4985 /* RMFlickrUITests.xctest */,
			);
			name = Products;
			sourceTree = "<group>";
		};
		32386D01218CDCA9006E4985 /* RMFlickr */ = {
			isa = PBXGroup;
			children = (
				32386D02218CDCA9006E4985 /* AppDelegate.swift */,
				32386D07218CDCA9006E4985 /* MasterViewController.swift */,
				32386D09218CDCA9006E4985 /* DetailViewController.swift */,
				32386D0B218CDCA9006E4985 /* Main.storyboard */,
				32386D0E218CDCA9006E4985 /* Assets.xcassets */,
				32386D10218CDCA9006E4985 /* LaunchScreen.storyboard */,
				32386D13218CDCA9006E4985 /* Info.plist */,
				32386D04218CDCA9006E4985 /* RMFlickr.xcdatamodeld */,
			);
			path = RMFlickr;
			sourceTree = "<group>";
		};
		32386D1B218CDCA9006E4985 /* RMFlickrTests */ = {
			isa = PBXGroup;
			children = (
				32386D1C218CDCA9006E4985 /* RMFlickrTests.swift */,
				32386D1E218CDCA9006E4985 /* Info.plist */,
			);
			path = RMFlickrTests;
			sourceTree = "<group>";
		};
		32386D26218CDCA9006E4985 /* RMFlickrUITests */ = {
			isa = PBXGroup;
			children = (
				32386D27218CDCA9006E4985 /* RMFlickrUITests.swift */,
				32386D29218CDCA9006E4985 /* Info.plist */,
			);
			path = RMFlickrUITests;
			sourceTree = "<group>";
		};
/* End PBXGroup section */

/* Begin PBXNativeTarget section */
		32386CFE218CDCA9006E4985 /* RMFlickr */ = {
			isa = PBXNativeTarget;
			buildConfigurationList = 32386D2C218CDCA9006E4985 /* Build configuration list for PBXNativeTarget "RMFlickr" */;
			buildPhases = (
				32386CFB218CDCA9006E4985 /* Sources */,
				32386CFC218CDCA9006E4985 /* Frameworks */,
				32386CFD218CDCA9006E4985 /* Resources */,
			);
			buildRules = (
			);
			dependencies = (
			);
			name = RMFlickr;
			productName = RMFlickr;
			productReference = 32386CFF218CDCA9006E4985 /* RMFlickr.app */;
			productType = "com.apple.product-type.application";
		};
		32386D17218CDCA9006E4985 /* RMFlickrTests */ = {
			isa = PBXNativeTarget;
			buildConfigurationList = 32386D2F218CDCA9006E4985 /* Build configuration list for PBXNativeTarget "RMFlickrTests" */;
			buildPhases = (
				32386D14218CDCA9006E4985 /* Sources */,
				32386D15218CDCA9006E4985 /* Frameworks */,
				32386D16218CDCA9006E4985 /* Resources */,
			);
			buildRules = (
			);
			dependencies = (
				32386D1A218CDCA9006E4985 /* PBXTargetDependency */,
			);
			name = RMFlickrTests;
			productName = RMFlickrTests;
			productReference = 32386D18218CDCA9006E4985 /* RMFlickrTests.xctest */;
			productType = "com.apple.product-type.bundle.unit-test";
		};
		32386D22218CDCA9006E4985 /* RMFlickrUITests */ = {
			isa = PBXNativeTarget;
			buildConfigurationList = 32386D32218CDCA9006E4985 /* Build configuration list for PBXNativeTarget "RMFlickrUITests" */;
			buildPhases = (
				32386D1F218CDCA9006E4985 /* Sources */,
				32386D20218CDCA9006E4985 /* Frameworks */,
				32386D21218CDCA9006E4985 /* Resources */,
			);
			buildRules = (
			);
			dependencies = (
				32386D25218CDCA9006E4985 /* PBXTargetDependency */,
			);
			name = RMFlickrUITests;
			productName = RMFlickrUITests;
			productReference = 32386D23218CDCA9006E4985 /* RMFlickrUITests.xctest */;
			productType = "com.apple.product-type.bundle.ui-testing";
		};
/* End PBXNativeTarget section */

/* Begin PBXProject section */
		32386CF7218CDCA9006E4985 /* Project object */ = {
			isa = PBXProject;
			attributes = {
				LastSwiftUpdateCheck = 1010;
				LastUpgradeCheck = 1010;
				ORGANIZATIONNAME = "Ross Maniaci";
				TargetAttributes = {
					32386CFE218CDCA9006E4985 = {
						CreatedOnToolsVersion = 10.1;
					};
					32386D17218CDCA9006E4985 = {
						CreatedOnToolsVersion = 10.1;
						TestTargetID = 32386CFE218CDCA9006E4985;
					};
					32386D22218CDCA9006E4985 = {
						CreatedOnToolsVersion = 10.1;
						TestTargetID = 32386CFE218CDCA9006E4985;
					};
				};
			};
			buildConfigurationList = 32386CFA218CDCA9006E4985 /* Build configuration list for PBXProject "RMFlickr" */;
			compatibilityVersion = "Xcode 9.3";
			developmentRegion = en;
			hasScannedForEncodings = 0;
			knownRegions = (
				en,
				Base,
			);
			mainGroup = 32386CF6218CDCA9006E4985;
			productRefGroup = 32386D00218CDCA9006E4985 /* Products */;
			projectDirPath = "";
			projectRoot = "";
			targets = (
				32386CFE218CDCA9006E4985 /* RMFlickr */,
				32386D17218CDCA9006E4985 /* RMFlickrTests */,
				32386D22218CDCA9006E4985 /* RMFlickrUITests */,
			);
		};
/* End PBXProject section */

/* Begin PBXResourcesBuildPhase section */
		32386CFD218CDCA9006E4985 /* Resources */ = {
			isa = PBXResourcesBuildPhase;
			buildActionMask = 2147483647;
			files = (
				32386D12218CDCA9006E4985 /* LaunchScreen.storyboard in Resources */,
				32386D0F218CDCA9006E4985 /* Assets.xcassets in Resources */,
				32386D0D218CDCA9006E4985 /* Main.storyboard in Resources */,
			);
			runOnlyForDeploymentPostprocessing = 0;
		};
		32386D16218CDCA9006E4985 /* Resources */ = {
			isa = PBXResourcesBuildPhase;
			buildActionMask = 2147483647;
			files = (
			);
			runOnlyForDeploymentPostprocessing = 0;
		};
		32386D21218CDCA9006E4985 /* Resources */ = {
			isa = PBXResourcesBuildPhase;
			buildActionMask = 2147483647;
			files = (
			);
			runOnlyForDeploymentPostprocessing = 0;
		};
/* End PBXResourcesBuildPhase section */

/* Begin PBXSourcesBuildPhase section */
		32386CFB218CDCA9006E4985 /* Sources */ = {
			isa = PBXSourcesBuildPhase;
			buildActionMask = 2147483647;
			files = (
				32386D03218CDCA9006E4985 /* AppDelegate.swift in Sources */,
				32386D06218CDCA9006E4985 /* RMFlickr.xcdatamodeld in Sources */,
				32386D08218CDCA9006E4985 /* MasterViewController.swift in Sources */,
				32386D0A218CDCA9006E4985 /* DetailViewController.swift in Sources */,
			);
			runOnlyForDeploymentPostprocessing = 0;
		};
		32386D14218CDCA9006E4985 /* Sources */ = {
			isa = PBXSourcesBuildPhase;
			buildActionMask = 2147483647;
			files = (
				32386D1D218CDCA9006E4985 /* RMFlickrTests.swift in Sources */,
			);
			runOnlyForDeploymentPostprocessing = 0;
		};
		32386D1F218CDCA9006E4985 /* Sources */ = {
			isa = PBXSourcesBuildPhase;
			buildActionMask = 2147483647;
			files = (
				32386D28218CDCA9006E4985 /* RMFlickrUITests.swift in Sources */,
			);
			runOnlyForDeploymentPostprocessing = 0;
		};
/* End PBXSourcesBuildPhase section */

/* Begin PBXTargetDependency section */
		32386D1A218CDCA9006E4985 /* PBXTargetDependency */ = {
			isa = PBXTargetDependency;
			target = 32386CFE218CDCA9006E4985 /* RMFlickr */;
			targetProxy = 32386D19218CDCA9006E4985 /* PBXContainerItemProxy */;
		};
		32386D25218CDCA9006E4985 /* PBXTargetDependency */ = {
			isa = PBXTargetDependency;
			target = 32386CFE218CDCA9006E4985 /* RMFlickr */;
			targetProxy = 32386D24218CDCA9006E4985 /* PBXContainerItemProxy */;
		};
/* End PBXTargetDependency section */

/* Begin PBXVariantGroup section */
		32386D0B218CDCA9006E4985 /* Main.storyboard */ = {
			isa = PBXVariantGroup;
			children = (
				32386D0C218CDCA9006E4985 /* Base */,
			);
			name = Main.storyboard;
			sourceTree = "<group>";
		};
		32386D10218CDCA9006E4985 /* LaunchScreen.storyboard */ = {
			isa = PBXVariantGroup;
			children = (
				32386D11218CDCA9006E4985 /* Base */,
			);
			name = LaunchScreen.storyboard;
			sourceTree = "<group>";
		};
/* End PBXVariantGroup section */

/* Begin XCBuildConfiguration section */
		32386D2A218CDCA9006E4985 /* Debug */ = {
			isa = XCBuildConfiguration;
			buildSettings = {
				ALWAYS_SEARCH_USER_PATHS = NO;
				CLANG_ANALYZER_NONNULL = YES;
				CLANG_ANALYZER_NUMBER_OBJECT_CONVERSION = YES_AGGRESSIVE;
				CLANG_CXX_LANGUAGE_STANDARD = "gnu++14";
				CLANG_CXX_LIBRARY = "libc++";
				CLANG_ENABLE_MODULES = YES;
				CLANG_ENABLE_OBJC_ARC = YES;
				CLANG_ENABLE_OBJC_WEAK = YES;
				CLANG_WARN_BLOCK_CAPTURE_AUTORELEASING = YES;
				CLANG_WARN_BOOL_CONVERSION = YES;
				CLANG_WARN_COMMA = YES;
				CLANG_WARN_CONSTANT_CONVERSION = YES;
				CLANG_WARN_DEPRECATED_OBJC_IMPLEMENTATIONS = YES;
				CLANG_WARN_DIRECT_OBJC_ISA_USAGE = YES_ERROR;
				CLANG_WARN_DOCUMENTATION_COMMENTS = YES;
				CLANG_WARN_EMPTY_BODY = YES;
				CLANG_WARN_ENUM_CONVERSION = YES;
				CLANG_WARN_INFINITE_RECURSION = YES;
				CLANG_WARN_INT_CONVERSION = YES;
				CLANG_WARN_NON_LITERAL_NULL_CONVERSION = YES;
				CLANG_WARN_OBJC_IMPLICIT_RETAIN_SELF = YES;
				CLANG_WARN_OBJC_LITERAL_CONVERSION = YES;
				CLANG_WARN_OBJC_ROOT_CLASS = YES_ERROR;
				CLANG_WARN_RANGE_LOOP_ANALYSIS = YES;
				CLANG_WARN_STRICT_PROTOTYPES = YES;
				CLANG_WARN_SUSPICIOUS_MOVE = YES;
				CLANG_WARN_UNGUARDED_AVAILABILITY = YES_AGGRESSIVE;
				CLANG_WARN_UNREACHABLE_CODE = YES;
				CLANG_WARN__DUPLICATE_METHOD_MATCH = YES;
				CODE_SIGN_IDENTITY = "iPhone Developer";
				COPY_PHASE_STRIP = NO;
				DEBUG_INFORMATION_FORMAT = dwarf;
				ENABLE_STRICT_OBJC_MSGSEND = YES;
				ENABLE_TESTABILITY = YES;
				GCC_C_LANGUAGE_STANDARD = gnu11;
				GCC_DYNAMIC_NO_PIC = NO;
				GCC_NO_COMMON_BLOCKS = YES;
				GCC_OPTIMIZATION_LEVEL = 0;
				GCC_PREPROCESSOR_DEFINITIONS = (
					"DEBUG=1",
					"$(inherited)",
				);
				GCC_WARN_64_TO_32_BIT_CONVERSION = YES;
				GCC_WARN_ABOUT_RETURN_TYPE = YES_ERROR;
				GCC_WARN_UNDECLARED_SELECTOR = YES;
				GCC_WARN_UNINITIALIZED_AUTOS = YES_AGGRESSIVE;
				GCC_WARN_UNUSED_FUNCTION = YES;
				GCC_WARN_UNUSED_VARIABLE = YES;
				IPHONEOS_DEPLOYMENT_TARGET = 12.1;
				MTL_ENABLE_DEBUG_INFO = INCLUDE_SOURCE;
				MTL_FAST_MATH = YES;
				ONLY_ACTIVE_ARCH = YES;
				SDKROOT = iphoneos;
				SWIFT_ACTIVE_COMPILATION_CONDITIONS = DEBUG;
				SWIFT_OPTIMIZATION_LEVEL = "-Onone";
			};
			name = Debug;
		};
		32386D2B218CDCA9006E4985 /* Release */ = {
			isa = XCBuildConfiguration;
			buildSettings = {
				ALWAYS_SEARCH_USER_PATHS = NO;
				CLANG_ANALYZER_NONNULL = YES;
				CLANG_ANALYZER_NUMBER_OBJECT_CONVERSION = YES_AGGRESSIVE;
				CLANG_CXX_LANGUAGE_STANDARD = "gnu++14";
				CLANG_CXX_LIBRARY = "libc++";
				CLANG_ENABLE_MODULES = YES;
				CLANG_ENABLE_OBJC_ARC = YES;
				CLANG_ENABLE_OBJC_WEAK = YES;
				CLANG_WARN_BLOCK_CAPTURE_AUTORELEASING = YES;
				CLANG_WARN_BOOL_CONVERSION = YES;
				CLANG_WARN_COMMA = YES;
				CLANG_WARN_CONSTANT_CONVERSION = YES;
				CLANG_WARN_DEPRECATED_OBJC_IMPLEMENTATIONS = YES;
				CLANG_WARN_DIRECT_OBJC_ISA_USAGE = YES_ERROR;
				CLANG_WARN_DOCUMENTATION_COMMENTS = YES;
				CLANG_WARN_EMPTY_BODY = YES;
				CLANG_WARN_ENUM_CONVERSION = YES;
				CLANG_WARN_INFINITE_RECURSION = YES;
				CLANG_WARN_INT_CONVERSION = YES;
				CLANG_WARN_NON_LITERAL_NULL_CONVERSION = YES;
				CLANG_WARN_OBJC_IMPLICIT_RETAIN_SELF = YES;
				CLANG_WARN_OBJC_LITERAL_CONVERSION = YES;
				CLANG_WARN_OBJC_ROOT_CLASS = YES_ERROR;
				CLANG_WARN_RANGE_LOOP_ANALYSIS = YES;
				CLANG_WARN_STRICT_PROTOTYPES = YES;
				CLANG_WARN_SUSPICIOUS_MOVE = YES;
				CLANG_WARN_UNGUARDED_AVAILABILITY = YES_AGGRESSIVE;
				CLANG_WARN_UNREACHABLE_CODE = YES;
				CLANG_WARN__DUPLICATE_METHOD_MATCH = YES;
				CODE_SIGN_IDENTITY = "iPhone Developer";
				COPY_PHASE_STRIP = NO;
				DEBUG_INFORMATION_FORMAT = "dwarf-with-dsym";
				ENABLE_NS_ASSERTIONS = NO;
				ENABLE_STRICT_OBJC_MSGSEND = YES;
				GCC_C_LANGUAGE_STANDARD = gnu11;
				GCC_NO_COMMON_BLOCKS = YES;
				GCC_WARN_64_TO_32_BIT_CONVERSION = YES;
				GCC_WARN_ABOUT_RETURN_TYPE = YES_ERROR;
				GCC_WARN_UNDECLARED_SELECTOR = YES;
				GCC_WARN_UNINITIALIZED_AUTOS = YES_AGGRESSIVE;
				GCC_WARN_UNUSED_FUNCTION = YES;
				GCC_WARN_UNUSED_VARIABLE = YES;
				IPHONEOS_DEPLOYMENT_TARGET = 12.1;
				MTL_ENABLE_DEBUG_INFO = NO;
				MTL_FAST_MATH = YES;
				SDKROOT = iphoneos;
				SWIFT_COMPILATION_MODE = wholemodule;
				SWIFT_OPTIMIZATION_LEVEL = "-O";
				VALIDATE_PRODUCT = YES;
			};
			name = Release;
		};
		32386D2D218CDCA9006E4985 /* Debug */ = {
			isa = XCBuildConfiguration;
			buildSettings = {
				ASSETCATALOG_COMPILER_APPICON_NAME = AppIcon;
				CODE_SIGN_STYLE = Automatic;
				DEVELOPMENT_TEAM = 97ASU33JJP;
				INFOPLIST_FILE = RMFlickr/Info.plist;
				LD_RUNPATH_SEARCH_PATHS = (
					"$(inherited)",
					"@executable_path/Frameworks",
				);
				PRODUCT_BUNDLE_IDENTIFIER = com.rossmaniaci.RMFlickr;
				PRODUCT_NAME = "$(TARGET_NAME)";
				SWIFT_VERSION = 4.2;
				TARGETED_DEVICE_FAMILY = "1,2";
			};
			name = Debug;
		};
		32386D2E218CDCA9006E4985 /* Release */ = {
			isa = XCBuildConfiguration;
			buildSettings = {
				ASSETCATALOG_COMPILER_APPICON_NAME = AppIcon;
				CODE_SIGN_STYLE = Automatic;
				DEVELOPMENT_TEAM = 97ASU33JJP;
				INFOPLIST_FILE = RMFlickr/Info.plist;
				LD_RUNPATH_SEARCH_PATHS = (
					"$(inherited)",
					"@executable_path/Frameworks",
				);
				PRODUCT_BUNDLE_IDENTIFIER = com.rossmaniaci.RMFlickr;
				PRODUCT_NAME = "$(TARGET_NAME)";
				SWIFT_VERSION = 4.2;
				TARGETED_DEVICE_FAMILY = "1,2";
			};
			name = Release;
		};
		32386D30218CDCA9006E4985 /* Debug */ = {
			isa = XCBuildConfiguration;
			buildSettings = {
				ALWAYS_EMBED_SWIFT_STANDARD_LIBRARIES = YES;
				BUNDLE_LOADER = "$(TEST_HOST)";
				CODE_SIGN_STYLE = Automatic;
				DEVELOPMENT_TEAM = 97ASU33JJP;
				INFOPLIST_FILE = RMFlickrTests/Info.plist;
				LD_RUNPATH_SEARCH_PATHS = (
					"$(inherited)",
					"@executable_path/Frameworks",
					"@loader_path/Frameworks",
				);
				PRODUCT_BUNDLE_IDENTIFIER = com.rossmaniaci.RMFlickrTests;
				PRODUCT_NAME = "$(TARGET_NAME)";
				SWIFT_VERSION = 4.2;
				TARGETED_DEVICE_FAMILY = "1,2";
				TEST_HOST = "$(BUILT_PRODUCTS_DIR)/RMFlickr.app/RMFlickr";
			};
			name = Debug;
		};
		32386D31218CDCA9006E4985 /* Release */ = {
			isa = XCBuildConfiguration;
			buildSettings = {
				ALWAYS_EMBED_SWIFT_STANDARD_LIBRARIES = YES;
				BUNDLE_LOADER = "$(TEST_HOST)";
				CODE_SIGN_STYLE = Automatic;
				DEVELOPMENT_TEAM = 97ASU33JJP;
				INFOPLIST_FILE = RMFlickrTests/Info.plist;
				LD_RUNPATH_SEARCH_PATHS = (
					"$(inherited)",
					"@executable_path/Frameworks",
					"@loader_path/Frameworks",
				);
				PRODUCT_BUNDLE_IDENTIFIER = com.rossmaniaci.RMFlickrTests;
				PRODUCT_NAME = "$(TARGET_NAME)";
				SWIFT_VERSION = 4.2;
				TARGETED_DEVICE_FAMILY = "1,2";
				TEST_HOST = "$(BUILT_PRODUCTS_DIR)/RMFlickr.app/RMFlickr";
			};
			name = Release;
		};
		32386D33218CDCA9006E4985 /* Debug */ = {
			isa = XCBuildConfiguration;
			buildSettings = {
				ALWAYS_EMBED_SWIFT_STANDARD_LIBRARIES = YES;
				CODE_SIGN_STYLE = Automatic;
				DEVELOPMENT_TEAM = 97ASU33JJP;
				INFOPLIST_FILE = RMFlickrUITests/Info.plist;
				LD_RUNPATH_SEARCH_PATHS = (
					"$(inherited)",
					"@executable_path/Frameworks",
					"@loader_path/Frameworks",
				);
				PRODUCT_BUNDLE_IDENTIFIER = com.rossmaniaci.RMFlickrUITests;
				PRODUCT_NAME = "$(TARGET_NAME)";
				SWIFT_VERSION = 4.2;
				TARGETED_DEVICE_FAMILY = "1,2";
				TEST_TARGET_NAME = RMFlickr;
			};
			name = Debug;
		};
		32386D34218CDCA9006E4985 /* Release */ = {
			isa = XCBuildConfiguration;
			buildSettings = {
				ALWAYS_EMBED_SWIFT_STANDARD_LIBRARIES = YES;
				CODE_SIGN_STYLE = Automatic;
				DEVELOPMENT_TEAM = 97ASU33JJP;
				INFOPLIST_FILE = RMFlickrUITests/Info.plist;
				LD_RUNPATH_SEARCH_PATHS = (
					"$(inherited)",
					"@executable_path/Frameworks",
					"@loader_path/Frameworks",
				);
				PRODUCT_BUNDLE_IDENTIFIER = com.rossmaniaci.RMFlickrUITests;
				PRODUCT_NAME = "$(TARGET_NAME)";
				SWIFT_VERSION = 4.2;
				TARGETED_DEVICE_FAMILY = "1,2";
				TEST_TARGET_NAME = RMFlickr;
			};
			name = Release;
		};
/* End XCBuildConfiguration section */

/* Begin XCConfigurationList section */
		32386CFA218CDCA9006E4985 /* Build configuration list for PBXProject "RMFlickr" */ = {
			isa = XCConfigurationList;
			buildConfigurations = (
				32386D2A218CDCA9006E4985 /* Debug */,
				32386D2B218CDCA9006E4985 /* Release */,
			);
			defaultConfigurationIsVisible = 0;
			defaultConfigurationName = Release;
		};
		32386D2C218CDCA9006E4985 /* Build configuration list for PBXNativeTarget "RMFlickr" */ = {
			isa = XCConfigurationList;
			buildConfigurations = (
				32386D2D218CDCA9006E4985 /* Debug */,
				32386D2E218CDCA9006E4985 /* Release */,
			);
			defaultConfigurationIsVisible = 0;
			defaultConfigurationName = Release;
		};
		32386D2F218CDCA9006E4985 /* Build configuration list for PBXNativeTarget "RMFlickrTests" */ = {
			isa = XCConfigurationList;
			buildConfigurations = (
				32386D30218CDCA9006E4985 /* Debug */,
				32386D31218CDCA9006E4985 /* Release */,
			);
			defaultConfigurationIsVisible = 0;
			defaultConfigurationName = Release;
		};
		32386D32218CDCA9006E4985 /* Build configuration list for PBXNativeTarget "RMFlickrUITests" */ = {
			isa = XCConfigurationList;
			buildConfigurations = (
				32386D33218CDCA9006E4985 /* Debug */,
				32386D34218CDCA9006E4985 /* Release */,
			);
			defaultConfigurationIsVisible = 0;
			defaultConfigurationName = Release;
		};
/* End XCConfigurationList section */

/* Begin XCVersionGroup section */
		32386D04218CDCA9006E4985 /* RMFlickr.xcdatamodeld */ = {
			isa = XCVersionGroup;
			children = (
				32386D05218CDCA9006E4985 /* RMFlickr.xcdatamodel */,
			);
			currentVersion = 32386D05218CDCA9006E4985 /* RMFlickr.xcdatamodel */;
			path = RMFlickr.xcdatamodeld;
			sourceTree = "<group>";
			versionGroupType = wrapper.xcdatamodel;
		};
/* End XCVersionGroup section */
	};
	rootObject = 32386CF7218CDCA9006E4985 /* Project object */;
}
